
Microsoft Visual Studio Solution File, Format Version 12.00
# Visual Studio Version 17
VisualStudioVersion = 17.3.32929.385
MinimumVisualStudioVersion = 10.0.40219.1
Project("{FAE04EC0-301F-11D3-BF4B-00C04F79EFBC}") = "FizzBuzz", "FizzBuzz.csproj", "{ECAA4D3D-A346-4491-8BEA-9F9D4C97DAC4}"
EndProject
Global
	GlobalSection(SolutionConfigurationPlatforms) = preSolution
		Debug|Any CPU = Debug|Any CPU
		Release|Any CPU = Release|Any CPU
	EndGlobalSection
	GlobalSection(ProjectConfigurationPlatforms) = postSolution
		{ECAA4D3D-A346-4491-8BEA-9F9D4C97DAC4}.Debug|Any CPU.ActiveCfg = Debug|Any CPU
		{ECAA4D3D-A346-4491-8BEA-9F9D4C97DAC4}.Debug|Any CPU.Build.0 = Debug|Any CPU
		{ECAA4D3D-A346-4491-8BEA-9F9D4C97DAC4}.Release|Any CPU.ActiveCfg = Release|Any CPU
		{ECAA4D3D-A346-4491-8BEA-9F9D4C97DAC4}.Release|Any CPU.Build.0 = Release|Any CPU
	EndGlobalSection
	GlobalSection(SolutionProperties) = preSolution
		HideSolutionNode = FALSE
	EndGlobalSection
	GlobalSection(ExtensibilityGlobals) = postSolution
		SolutionGuid = {7EC63631-4DF4-482B-88C4-A40C2DAB1587}
	EndGlobalSection
EndGlobal
